{"1.2.0",
[{<<"counters">>,{pkg,<<"counters">>,<<"0.2.1">>},1},
 {<<"ctx">>,{pkg,<<"ctx">>,<<"0.5.0">>},1},
 {<<"jsx">>,{pkg,<<"jsx">>,<<"2.9.0">>},0},
 {<<"opencensus">>,{pkg,<<"opencensus">>,<<"0.9.2">>},0},
 {<<"rfc3339">>,{pkg,<<"rfc3339">>,<<"0.9.0">>},2},
 {<<"wts">>,{pkg,<<"wts">>,<<"0.3.0">>},1}]}.
[
{pkg_hash,[
 {<<"counters">>, <<"AA3D97E88F92573488987193D0F48EFCE0F3B2CD1443BF4EE760BC7F99322F0C">>},
 {<<"ctx">>, <<"78E0F16712E12D707A7F34277381B8E193D7C71EAA24D37330DC02477C09EDA5">>},
 {<<"jsx">>, <<"D2F6E5F069C00266CAD52FB15D87C428579EA4D7D73A33669E12679E203329DD">>},
 {<<"opencensus">>, <<"AB36B0C4E4500B976180BD088CEA7520D345711A72DF2D7188E2D7B9573A8728">>},
 {<<"rfc3339">>, <<"2075653DC9407541C84B1E15F8BDA2ABE95FB17C9694025E079583F2D19C1060">>},
 {<<"wts">>, <<"5CDF22C775CB1EBAE24C326A5DB6074D753C42F4BD12A9AA47CC62D3E2C71AD1">>}]},
{pkg_hash_ext,[
 {<<"counters">>, <<"A020C714992F7DB89178D27E1F39909E5D77DA3B80DAA4D6015877ED0C94B8AB">>},
 {<<"ctx">>, <<"52554D80F9D93B3F82DBA8E1776E8EA87B0D6218AE94BA0F73D61AD1579AED08">>},
 {<<"jsx">>, <<"8EE1DB1CABAFDD578A2776A6AAAE87C2A8CE54B47B59E9EC7DAB5D7EB71CD8DC">>},
 {<<"opencensus">>, <<"B453A796C2F6145F198AFB4B24D61EB1617FB13053AD70E66CFB3148308D743E">>},
 {<<"rfc3339">>, <<"182314DE35C9F4180B22EB5F22916D8D7A799C1109A060C752970273A9332AD6">>},
 {<<"wts">>, <<"97E2C65F17BCD488FCBE0B7073296FEE7A6AFCFA837C8ED10FB15E65A8713F02">>}]}
].
